
Microsoft Visual Studio Solution File, Format Version 12.00
# Visual Studio 15
VisualStudioVersion = 15.0.28010.2036
MinimumVisualStudioVersion = 10.0.40219.1
Project("{FAE04EC0-301F-11D3-BF4B-00C04F79EFBC}") = "RockPaperScissors", "RockPaperScissors\RockPaperScissors.csproj", "{BC00CB70-888E-4E4D-9DEB-3B0675335A71}"
EndProject
Project("{FAE04EC0-301F-11D3-BF4B-00C04F79EFBC}") = "Lottery", "Lottery\Lottery.csproj", "{B283E8E9-F117-4BBF-91E8-77E2711E413C}"
EndProject
Global
	GlobalSection(SolutionConfigurationPlatforms) = preSolution
		Debug|Any CPU = Debug|Any CPU
		Release|Any CPU = Release|Any CPU
	EndGlobalSection
	GlobalSection(ProjectConfigurationPlatforms) = postSolution
		{BC00CB70-888E-4E4D-9DEB-3B0675335A71}.Debug|Any CPU.ActiveCfg = Debug|Any CPU
		{BC00CB70-888E-4E4D-9DEB-3B0675335A71}.Debug|Any CPU.Build.0 = Debug|Any CPU
		{BC00CB70-888E-4E4D-9DEB-3B0675335A71}.Release|Any CPU.ActiveCfg = Release|Any CPU
		{BC00CB70-888E-4E4D-9DEB-3B0675335A71}.Release|Any CPU.Build.0 = Release|Any CPU
		{B283E8E9-F117-4BBF-91E8-77E2711E413C}.Debug|Any CPU.ActiveCfg = Debug|Any CPU
		{B283E8E9-F117-4BBF-91E8-77E2711E413C}.Debug|Any CPU.Build.0 = Debug|Any CPU
		{B283E8E9-F117-4BBF-91E8-77E2711E413C}.Release|Any CPU.ActiveCfg = Release|Any CPU
		{B283E8E9-F117-4BBF-91E8-77E2711E413C}.Release|Any CPU.Build.0 = Release|Any CPU
	EndGlobalSection
	GlobalSection(SolutionProperties) = preSolution
		HideSolutionNode = FALSE
	EndGlobalSection
	GlobalSection(ExtensibilityGlobals) = postSolution
		SolutionGuid = {C078153C-B485-49A8-B275-C60EA7CB49D4}
	EndGlobalSection
EndGlobal
